<?xml version="1.0" encoding="utf-8"?>
<Project ToolsVersion="4.0" xmlns="http://schemas.microsoft.com/developer/msbuild/2003">
  <ItemGroup>
    <Filter Include="Source Files">
      <UniqueIdentifier>{4FC737F1-C7A5-4376-A066-2A32D752A2FF}</UniqueIdentifier>
      <Extensions>cpp;c;cc;cxx;c++;cppm;ixx;def;odl;idl;hpj;bat;asm;asmx</Extensions>
    </Filter>
    <Filter Include="Header Files">
      <UniqueIdentifier>{93995380-89BD-4b04-88EB-625FBE52EBFB}</UniqueIdentifier>
      <Extensions>h;hh;hpp;hxx;h++;hm;inl;inc;ipp;xsd</Extensions>
    </Filter>
    <Filter Include="Resource Files">
      <UniqueIdentifier>{67DA6AB6-F800-4c08-8B7A-83BB121AAD01}</UniqueIdentifier>
      <Extensions>rc;ico;cur;bmp;dlg;rc2;rct;bin;rgs;gif;jpg;jpeg;jpe;resx;tiff;tif;png;wav;mfcribbon-ms</Extensions>
    </Filter>
    <Filter Include="Header Files\systems">
      <UniqueIdentifier>{ba3411b2-6b29-4ab6-8382-ef01504241e9}</UniqueIdentifier>
    </Filter>
    <Filter Include="Header Files\components">
      <UniqueIdentifier>{302f51ff-7360-44cb-a988-e4498d61156d}</UniqueIdentifier>
    </Filter>
    <Filter Include="Header Files\utils">
      <UniqueIdentifier>{e73805e0-1828-451c-bf3b-1cadb50a43a7}</UniqueIdentifier>
    </Filter>
    <Filter Include="Header Files\core">
      <UniqueIdentifier>{060dcf0e-1e18-401e-92ba-65f951b8cebc}</UniqueIdentifier>
    </Filter>
    <Filter Include="Source Files\systems">
      <UniqueIdentifier>{a382a039-b2be-43ed-bcd7-1c728bda0a86}</UniqueIdentifier>
    </Filter>
    <Filter Include="Header Files\behaviors">
      <UniqueIdentifier>{c61460ab-b14b-44a8-afca-da4c91fba2df}</UniqueIdentifier>
    </Filter>
    <Filter Include="Source Files\core">
      <UniqueIdentifier>{cd868065-d2cb-4512-bfd3-9f50d83b8aa8}</UniqueIdentifier>
    </Filter>
    <Filter Include="Source Files\utils">
      <UniqueIdentifier>{22735f72-d030-4cc4-ba82-e6f027723744}</UniqueIdentifier>
    </Filter>
    <Filter Include="Source Files\behaviors">
      <UniqueIdentifier>{2691ec35-abca-4ecc-a46a-cc3294cd5785}</UniqueIdentifier>
    </Filter>
    <Filter Include="Header Files\resources">
      <UniqueIdentifier>{81ad878e-37da-4bea-b102-4d8f3bad069c}</UniqueIdentifier>
    </Filter>
    <Filter Include="Source Files\resources">
      <UniqueIdentifier>{10336596-877c-4c19-ae17-3d497ffc6a76}</UniqueIdentifier>
    </Filter>
    <Filter Include="Header Files\control">
      <UniqueIdentifier>{d10722b6-961a-42e4-91d6-be58559bb032}</UniqueIdentifier>
    </Filter>
    <Filter Include="Source Files\control">
      <UniqueIdentifier>{29d36527-8e78-4dec-bf97-cd4bb241f101}</UniqueIdentifier>
    </Filter>
    <Filter Include="Header Files\control\commands">
      <UniqueIdentifier>{81dd3f29-e045-4257-8504-c495cc973ebb}</UniqueIdentifier>
    </Filter>
    <Filter Include="Source Files\control\commands">
      <UniqueIdentifier>{a7f12a05-110e-4a72-96a0-88142ef40e92}</UniqueIdentifier>
    </Filter>
  </ItemGroup>
  <ItemGroup>
    <ClInclude Include="src\components\EffectTags.h">
      <Filter>Header Files\components</Filter>
    </ClInclude>
    <ClInclude Include="src\components\EntityTags.h">
      <Filter>Header Files\components</Filter>
    </ClInclude>
    <ClInclude Include="src\components\hitbox.h">
      <Filter>Header Files\components</Filter>
    </ClInclude>
    <ClInclude Include="src\components\lookingDirection.h">
      <Filter>Header Files\components</Filter>
    </ClInclude>
    <ClInclude Include="src\components\movementComponents.h">
      <Filter>Header Files\components</Filter>
    </ClInclude>
    <ClInclude Include="src\components\statComponent.h">
      <Filter>Header Files\components</Filter>
    </ClInclude>
    <ClInclude Include="src\core\Game.h">
      <Filter>Header Files\core</Filter>
    </ClInclude>
    <ClInclude Include="src\Utils\SpatialHash.h">
      <Filter>Header Files\utils</Filter>
    </ClInclude>
    <ClInclude Include="src\systems\CollisionSystem.h">
      <Filter>Header Files\systems</Filter>
    </ClInclude>
    <ClInclude Include="src\systems\CombatSystem.h">
      <Filter>Header Files\systems</Filter>
    </ClInclude>
    <ClInclude Include="src\systems\PositionIntegrator.h">
      <Filter>Header Files\systems</Filter>
    </ClInclude>
    <ClInclude Include="src\components\Enemy.h">
      <Filter>Header Files\components</Filter>
    </ClInclude>
    <ClInclude Include="src\components\EnemySpawnInfo.h">
      <Filter>Header Files\components</Filter>
    </ClInclude>
    <ClInclude Include="src\systems\EnemyManager.h">
      <Filter>Header Files\systems</Filter>
    </ClInclude>
    <ClInclude Include="src\behaviors\PlayerVelocityController.h">
      <Filter>Header Files\behaviors</Filter>
    </ClInclude>
    <ClInclude Include="src\resources\SpellLibrary.h">
      <Filter>Header Files\resources</Filter>
    </ClInclude>
    <ClInclude Include="src\components\Behavior.h">
      <Filter>Header Files\components</Filter>
    </ClInclude>
    <ClInclude Include="src\systems\BehaviorSystem.h">
      <Filter>Header Files\systems</Filter>
    </ClInclude>
    <ClInclude Include="src\systems\EffectSystem.h">
      <Filter>Header Files\systems</Filter>
    </ClInclude>
    <ClInclude Include="src\components\Spell.h">
      <Filter>Header Files\components</Filter>
    </ClInclude>
    <ClInclude Include="src\control\command.h">
      <Filter>Header Files\control</Filter>
    </ClInclude>
    <ClInclude Include="src\systems\SpellSystem.h">
      <Filter>Header Files\systems</Filter>
    </ClInclude>
    <ClInclude Include="src\behaviors\EntityBehavior.h">
      <Filter>Header Files\behaviors</Filter>
    </ClInclude>
    <ClInclude Include="src\resources\EnemyLibrary.h">
      <Filter>Header Files\resources</Filter>
    </ClInclude>
    <ClInclude Include="src\Utils\VectorMath.h">
      <Filter>Header Files\utils</Filter>
    </ClInclude>
    <ClInclude Include="src\components\CollisionType.h">
      <Filter>Header Files\components</Filter>
    </ClInclude>
    <ClInclude Include="src\components\CollisionEvent.h">
      <Filter>Header Files\components</Filter>
    </ClInclude>
    <ClInclude Include="src\control\gameplayCommandManager.h">
      <Filter>Header Files\control</Filter>
    </ClInclude>
    <ClInclude Include="src\control\gameplayInputHandler.h">
      <Filter>Header Files\control</Filter>
    </ClInclude>
    <ClInclude Include="src\control\commands\playerControl.h">
      <Filter>Header Files\control\commands</Filter>
    </ClInclude>
    <ClInclude Include="src\systems\MovementPipeline.h">
      <Filter>Header Files\systems</Filter>
    </ClInclude>
    <ClInclude Include="src\systems\WindowManager.h">
      <Filter>Header Files\systems</Filter>
    </ClInclude>
    <ClInclude Include="src\scenes\Scene.h">
      <Filter>Header Files</Filter>
    </ClInclude>
    <ClInclude Include="src\ui\UIManager.h">
      <Filter>Header Files</Filter>
    </ClInclude>
    <ClInclude Include="src\ui\UIELement.h">
      <Filter>Header Files</Filter>
    </ClInclude>
    <ClInclude Include="src\ui\Button.h">
      <Filter>Header Files</Filter>
    </ClInclude>
    <ClInclude Include="src\control\commands\gameControl.h">
      <Filter>Header Files\control\commands</Filter>
    </ClInclude>
    <ClInclude Include="src\control\UICommandManager.h">
      <Filter>Header Files\control</Filter>
    </ClInclude>
    <ClInclude Include="src\control\UICommand.h">
      <Filter>Header Files\control</Filter>
    </ClInclude>
    <ClInclude Include="src\ui\Text.h">
      <Filter>Header Files</Filter>
    </ClInclude>
    <ClInclude Include="src\ui\Panel.h">
      <Filter>Header Files</Filter>
    </ClInclude>
    <ClInclude Include="src\scenes\MainMenu\MainMenu.h">
      <Filter>Header Files</Filter>
    </ClInclude>
    <ClInclude Include="src\scenes\SceneManager.h">
      <Filter>Header Files</Filter>
    </ClInclude>
  </ItemGroup>
  <ItemGroup>
    <ClCompile Include="src\systems\CollisionSystem.cpp">
      <Filter>Source Files\systems</Filter>
    </ClCompile>
    <ClCompile Include="src\systems\CombatSystem.cpp">
      <Filter>Source Files\systems</Filter>
    </ClCompile>
    <ClCompile Include="src\systems\PositionIntegrator.cpp">
      <Filter>Source Files\systems</Filter>
    </ClCompile>
    <ClCompile Include="src\core\Game.cpp">
      <Filter>Source Files\core</Filter>
    </ClCompile>
    <ClCompile Include="src\Utils\SpatialHash.cpp">
      <Filter>Source Files\utils</Filter>
    </ClCompile>
    <ClCompile Include="src\behaviors\PlayerMovementSystem.cpp">
      <Filter>Source Files\behaviors</Filter>
    </ClCompile>
    <ClCompile Include="src\systems\EnemyManager.cpp">
      <Filter>Source Files\systems</Filter>
    </ClCompile>
    <ClCompile Include="src\resources\EnemyLibrary.cpp">
      <Filter>Source Files\resources</Filter>
    </ClCompile>
    <ClCompile Include="src\systems\EffectSystem.cpp">
      <Filter>Source Files\systems</Filter>
    </ClCompile>
    <ClCompile Include="src\systems\BehaviorSystem.cpp">
      <Filter>Source Files\systems</Filter>
    </ClCompile>
    <ClCompile Include="src\systems\SpellSystem.cpp">
      <Filter>Source Files\systems</Filter>
    </ClCompile>
    <ClCompile Include="src\behaviors\EntityBehavior.cpp">
      <Filter>Source Files\behaviors</Filter>
    </ClCompile>
    <ClCompile Include="src\resources\SpellLibrary.cpp">
      <Filter>Source Files\resources</Filter>
    </ClCompile>
    <ClCompile Include="src\Utils\VectorMath.cpp">
      <Filter>Source Files\utils</Filter>
    </ClCompile>
    <ClCompile Include="src\control\gameCommandManager.cpp">
      <Filter>Source Files\control</Filter>
    </ClCompile>
    <ClCompile Include="src\control\gameplayInputHandler.cpp">
      <Filter>Source Files\control</Filter>
    </ClCompile>
    <ClCompile Include="src\control\commands\playerControl.cpp">
      <Filter>Source Files\control\commands</Filter>
    </ClCompile>
    <ClCompile Include="src\systems\MovementPipeline.cpp">
      <Filter>Source Files\systems</Filter>
    </ClCompile>
    <ClCompile Include="src\systems\WindowManager.cpp">
      <Filter>Source Files\systems</Filter>
    </ClCompile>
    <ClCompile Include="src\ui\Button.cpp">
      <Filter>Source Files</Filter>
    </ClCompile>
    <ClCompile Include="src\main.cpp">
      <Filter>Source Files</Filter>
    </ClCompile>
    <ClCompile Include="src\control\commands\gameControl.cpp">
      <Filter>Source Files\control\commands</Filter>
    </ClCompile>
    <ClCompile Include="src\control\UICommandManager.cpp">
      <Filter>Source Files\control</Filter>
    </ClCompile>
    <ClCompile Include="src\ui\UIManager.cpp">
      <Filter>Source Files</Filter>
    </ClCompile>
    <ClCompile Include="src\ui\Text.cpp">
      <Filter>Source Files</Filter>
    </ClCompile>
    <ClCompile Include="src\ui\Panel.cpp">
      <Filter>Source Files</Filter>
    </ClCompile>
    <ClCompile Include="src\scenes\Scene.cpp">
      <Filter>Source Files</Filter>
    </ClCompile>
    <ClCompile Include="src\scenes\MainMenu\MainMenu.cpp">
      <Filter>Source Files</Filter>
    </ClCompile>
    <ClCompile Include="src\scenes\SceneManager.cpp">
      <Filter>Source Files</Filter>
    </ClCompile>
  </ItemGroup>
  <ItemGroup>
    <None Include="src\resources\enemy.json">
      <Filter>Resource Files</Filter>
    </None>
  </ItemGroup>
</Project>