<?xml version="1.0" encoding="utf-8"?>
<Project ToolsVersion="4.0" xmlns="http://schemas.microsoft.com/developer/msbuild/2003">
  <ItemGroup>
    <Filter Include="Source Files">
      <UniqueIdentifier>{4FC737F1-C7A5-4376-A066-2A32D752A2FF}</UniqueIdentifier>
      <Extensions>cpp;c;cc;cxx;c++;cppm;ixx;def;odl;idl;hpj;bat;asm;asmx</Extensions>
    </Filter>
    <Filter Include="Header Files">
      <UniqueIdentifier>{93995380-89BD-4b04-88EB-625FBE52EBFB}</UniqueIdentifier>
      <Extensions>h;hh;hpp;hxx;h++;hm;inl;inc;ipp;xsd</Extensions>
    </Filter>
    <Filter Include="Resource Files">
      <UniqueIdentifier>{67DA6AB6-F800-4c08-8B7A-83BB121AAD01}</UniqueIdentifier>
      <Extensions>rc;ico;cur;bmp;dlg;rc2;rct;bin;rgs;gif;jpg;jpeg;jpe;resx;tiff;tif;png;wav;mfcribbon-ms</Extensions>
    </Filter>
    <Filter Include="Header Files\systems">
      <UniqueIdentifier>{ba3411b2-6b29-4ab6-8382-ef01504241e9}</UniqueIdentifier>
    </Filter>
    <Filter Include="Header Files\components">
      <UniqueIdentifier>{302f51ff-7360-44cb-a988-e4498d61156d}</UniqueIdentifier>
    </Filter>
    <Filter Include="Header Files\utils">
      <UniqueIdentifier>{e73805e0-1828-451c-bf3b-1cadb50a43a7}</UniqueIdentifier>
    </Filter>
    <Filter Include="Header Files\core">
      <UniqueIdentifier>{060dcf0e-1e18-401e-92ba-65f951b8cebc}</UniqueIdentifier>
    </Filter>
    <Filter Include="Source Files\systems">
      <UniqueIdentifier>{a382a039-b2be-43ed-bcd7-1c728bda0a86}</UniqueIdentifier>
    </Filter>
    <Filter Include="Header Files\behaviors">
      <UniqueIdentifier>{c61460ab-b14b-44a8-afca-da4c91fba2df}</UniqueIdentifier>
    </Filter>
    <Filter Include="Source Files\core">
      <UniqueIdentifier>{cd868065-d2cb-4512-bfd3-9f50d83b8aa8}</UniqueIdentifier>
    </Filter>
    <Filter Include="Source Files\utils">
      <UniqueIdentifier>{22735f72-d030-4cc4-ba82-e6f027723744}</UniqueIdentifier>
    </Filter>
    <Filter Include="Source Files\behaviors">
      <UniqueIdentifier>{2691ec35-abca-4ecc-a46a-cc3294cd5785}</UniqueIdentifier>
    </Filter>
    <Filter Include="Header Files\control">
      <UniqueIdentifier>{d5e18db7-8c86-434e-9ee4-e7d442750064}</UniqueIdentifier>
    </Filter>
    <Filter Include="Header Files\resources">
      <UniqueIdentifier>{e5a6a4bb-008f-437c-8bcf-8a98a507d971}</UniqueIdentifier>
    </Filter>
  </ItemGroup>
  <ItemGroup>
    <ClInclude Include="src\components\EffectTag.h">
      <Filter>Header Files\components</Filter>
    </ClInclude>
    <ClInclude Include="src\components\EntityTag.h">
      <Filter>Header Files\components</Filter>
    </ClInclude>
    <ClInclude Include="src\components\hitbox.h">
      <Filter>Header Files\components</Filter>
    </ClInclude>
    <ClInclude Include="src\components\lookingDirection.h">
      <Filter>Header Files\components</Filter>
    </ClInclude>
    <ClInclude Include="src\components\movementComponents.h">
      <Filter>Header Files\components</Filter>
    </ClInclude>
    <ClInclude Include="src\components\statComponent.h">
      <Filter>Header Files\components</Filter>
    </ClInclude>
    <ClInclude Include="src\core\Game.h">
      <Filter>Header Files\core</Filter>
    </ClInclude>
    <ClInclude Include="src\Utils\SpatialHash.h">
      <Filter>Header Files\utils</Filter>
    </ClInclude>
    <ClInclude Include="src\systems\CollisionSystem.h">
      <Filter>Header Files\systems</Filter>
    </ClInclude>
    <ClInclude Include="src\systems\CombatSystem.h">
      <Filter>Header Files\systems</Filter>
    </ClInclude>
    <ClInclude Include="src\systems\MovementSystem.h">
      <Filter>Header Files\systems</Filter>
    </ClInclude>
    <ClInclude Include="src\control\command.h">
      <Filter>Header Files\control</Filter>
    </ClInclude>
    <ClInclude Include="src\systems\SpellSystem.h">
      <Filter>Header Files\systems</Filter>
    </ClInclude>
    <ClInclude Include="src\components\Spell.h">
      <Filter>Header Files\components</Filter>
    </ClInclude>
    <ClInclude Include="src\behavior\EntityBehavior.h">
      <Filter>Header Files\behaviors</Filter>
    </ClInclude>
    <ClInclude Include="src\systems\EffectSystem.h">
      <Filter>Header Files\systems</Filter>
    </ClInclude>
    <ClInclude Include="src\components\Behavior.h">
      <Filter>Header Files\components</Filter>
    </ClInclude>
    <ClInclude Include="src\systems\BehaviorSystem.h">
      <Filter>Header Files\systems</Filter>
    </ClInclude>
    <ClInclude Include="src\resources\SpellLibrary.h">
      <Filter>Header Files\resources</Filter>
    </ClInclude>
  </ItemGroup>
  <ItemGroup>
    <ClCompile Include="src\systems\CollisionSystem.cpp">
      <Filter>Source Files\systems</Filter>
    </ClCompile>
    <ClCompile Include="src\systems\CombatSystem.cpp">
      <Filter>Source Files\systems</Filter>
    </ClCompile>
    <ClCompile Include="src\systems\MovementSystem.cpp">
      <Filter>Source Files\systems</Filter>
    </ClCompile>
    <ClCompile Include="src\core\Game.cpp">
      <Filter>Source Files\core</Filter>
    </ClCompile>
    <ClCompile Include="src\Utils\SpatialHash.cpp">
      <Filter>Source Files\utils</Filter>
    </ClCompile>
    <ClCompile Include="main.cpp">
      <Filter>Source Files</Filter>
    </ClCompile>
    <ClCompile Include="src\systems\SpellSystem.cpp">
      <Filter>Source Files\systems</Filter>
    </ClCompile>
    <ClCompile Include="src\systems\EffectSystem.cpp">
      <Filter>Source Files\systems</Filter>
    </ClCompile>
    <ClCompile Include="src\behavior\EntityBehavior.cpp">
      <Filter>Source Files\behaviors</Filter>
    </ClCompile>
    <ClCompile Include="src\systems\BehaviorSystem.cpp">
      <Filter>Source Files\systems</Filter>
    </ClCompile>
  </ItemGroup>
</Project>